
Microsoft Visual Studio Solution File, Format Version 12.00
# Visual Studio 14
VisualStudioVersion = 14.0.25420.1
MinimumVisualStudioVersion = 10.0.40219.1
Project("{2150E333-8FDC-42A3-9474-1A3956D46DE8}") = "Schemas", "Schemas", "{04F0B67E-9BE8-4C80-9B8F-00C9761340AA}"
EndProject
Project("{2150E333-8FDC-42A3-9474-1A3956D46DE8}") = "Data", "Data", "{97D349D6-2DB5-43EC-9D7A-E32AC2F46075}"
EndProject
Project("{2150E333-8FDC-42A3-9474-1A3956D46DE8}") = "Transformation", "Transformation", "{3763AA7A-215D-4681-80B4-4C669743061E}"
EndProject
Project("{2150E333-8FDC-42A3-9474-1A3956D46DE8}") = "Tests", "Tests", "{9141B9E9-C2A6-4502-9A2B-F886B0C05D08}"
EndProject
Project("{FAE04EC0-301F-11D3-BF4B-00C04F79EFBC}") = "WSI.DnBCredit.Transformation", "WSI.DBCredit.Transformation\WSI.DnBCredit.Transformation.csproj", "{C33EDFC4-23EB-4AB4-A439-EDABC68FAD59}"
EndProject
Project("{FAE04EC0-301F-11D3-BF4B-00C04F79EFBC}") = "WSI.DnBCredit.Data", "WSI.DBCredit.Data\WSI.DnBCredit.Data.csproj", "{74BE0FEA-0B45-4CDC-A3E2-1E411C25B02A}"
EndProject
Project("{FAE04EC0-301F-11D3-BF4B-00C04F79EFBC}") = "WSI.DnB.Schemas.Clients", "WSI.DnB.Schemas.NBClients\WSI.DnB.Schemas.Clients.csproj", "{055FC071-03D1-4C97-B5FC-9C5EE90DF9E0}"
EndProject
Project("{FAE04EC0-301F-11D3-BF4B-00C04F79EFBC}") = "WSi.DnB.Schemas.Service", "WSi.DnB.Schemas.Service\WSi.DnB.Schemas.Service.csproj", "{0F591C43-37CE-4DC5-AEDD-585680C857CE}"
EndProject
Project("{FAE04EC0-301F-11D3-BF4B-00C04F79EFBC}") = "WSI.DnBCredit.Transformation.Test", "WSI.DBCredit.Transformation.Test\WSI.DnBCredit.Transformation.Test.csproj", "{44FE2BB9-4A90-45F6-AE8A-D681AE81DF35}"
EndProject
Project("{2150E333-8FDC-42A3-9474-1A3956D46DE8}") = "Application", "Application", "{37B2C75E-C5CF-4E8F-8CA4-3863F26CA7AC}"
EndProject
Project("{FAE04EC0-301F-11D3-BF4B-00C04F79EFBC}") = "DnBApplication", "DnBApplicationservice\DnBApplication.csproj", "{0D65D160-B4C6-48D6-B635-1EF517BE7495}"
EndProject
Global
	GlobalSection(SolutionConfigurationPlatforms) = preSolution
		Debug|Any CPU = Debug|Any CPU
		Release|Any CPU = Release|Any CPU
	EndGlobalSection
	GlobalSection(ProjectConfigurationPlatforms) = postSolution
		{C33EDFC4-23EB-4AB4-A439-EDABC68FAD59}.Debug|Any CPU.ActiveCfg = Debug|Any CPU
		{C33EDFC4-23EB-4AB4-A439-EDABC68FAD59}.Debug|Any CPU.Build.0 = Debug|Any CPU
		{C33EDFC4-23EB-4AB4-A439-EDABC68FAD59}.Release|Any CPU.ActiveCfg = Release|Any CPU
		{C33EDFC4-23EB-4AB4-A439-EDABC68FAD59}.Release|Any CPU.Build.0 = Release|Any CPU
		{74BE0FEA-0B45-4CDC-A3E2-1E411C25B02A}.Debug|Any CPU.ActiveCfg = Debug|Any CPU
		{74BE0FEA-0B45-4CDC-A3E2-1E411C25B02A}.Debug|Any CPU.Build.0 = Debug|Any CPU
		{74BE0FEA-0B45-4CDC-A3E2-1E411C25B02A}.Release|Any CPU.ActiveCfg = Release|Any CPU
		{74BE0FEA-0B45-4CDC-A3E2-1E411C25B02A}.Release|Any CPU.Build.0 = Release|Any CPU
		{055FC071-03D1-4C97-B5FC-9C5EE90DF9E0}.Debug|Any CPU.ActiveCfg = Debug|Any CPU
		{055FC071-03D1-4C97-B5FC-9C5EE90DF9E0}.Debug|Any CPU.Build.0 = Debug|Any CPU
		{055FC071-03D1-4C97-B5FC-9C5EE90DF9E0}.Release|Any CPU.ActiveCfg = Release|Any CPU
		{055FC071-03D1-4C97-B5FC-9C5EE90DF9E0}.Release|Any CPU.Build.0 = Release|Any CPU
		{0F591C43-37CE-4DC5-AEDD-585680C857CE}.Debug|Any CPU.ActiveCfg = Debug|Any CPU
		{0F591C43-37CE-4DC5-AEDD-585680C857CE}.Debug|Any CPU.Build.0 = Debug|Any CPU
		{0F591C43-37CE-4DC5-AEDD-585680C857CE}.Release|Any CPU.ActiveCfg = Release|Any CPU
		{0F591C43-37CE-4DC5-AEDD-585680C857CE}.Release|Any CPU.Build.0 = Release|Any CPU
		{44FE2BB9-4A90-45F6-AE8A-D681AE81DF35}.Debug|Any CPU.ActiveCfg = Debug|Any CPU
		{44FE2BB9-4A90-45F6-AE8A-D681AE81DF35}.Debug|Any CPU.Build.0 = Debug|Any CPU
		{44FE2BB9-4A90-45F6-AE8A-D681AE81DF35}.Release|Any CPU.ActiveCfg = Release|Any CPU
		{44FE2BB9-4A90-45F6-AE8A-D681AE81DF35}.Release|Any CPU.Build.0 = Release|Any CPU
		{0D65D160-B4C6-48D6-B635-1EF517BE7495}.Debug|Any CPU.ActiveCfg = Debug|Any CPU
		{0D65D160-B4C6-48D6-B635-1EF517BE7495}.Debug|Any CPU.Build.0 = Debug|Any CPU
		{0D65D160-B4C6-48D6-B635-1EF517BE7495}.Release|Any CPU.ActiveCfg = Release|Any CPU
		{0D65D160-B4C6-48D6-B635-1EF517BE7495}.Release|Any CPU.Build.0 = Release|Any CPU
	EndGlobalSection
	GlobalSection(SolutionProperties) = preSolution
		HideSolutionNode = FALSE
	EndGlobalSection
	GlobalSection(NestedProjects) = preSolution
		{C33EDFC4-23EB-4AB4-A439-EDABC68FAD59} = {3763AA7A-215D-4681-80B4-4C669743061E}
		{74BE0FEA-0B45-4CDC-A3E2-1E411C25B02A} = {97D349D6-2DB5-43EC-9D7A-E32AC2F46075}
		{055FC071-03D1-4C97-B5FC-9C5EE90DF9E0} = {04F0B67E-9BE8-4C80-9B8F-00C9761340AA}
		{0F591C43-37CE-4DC5-AEDD-585680C857CE} = {04F0B67E-9BE8-4C80-9B8F-00C9761340AA}
		{44FE2BB9-4A90-45F6-AE8A-D681AE81DF35} = {9141B9E9-C2A6-4502-9A2B-F886B0C05D08}
		{0D65D160-B4C6-48D6-B635-1EF517BE7495} = {37B2C75E-C5CF-4E8F-8CA4-3863F26CA7AC}
	EndGlobalSection
	GlobalSection(TeamFoundationVersionControl) = preSolution
		SccNumberOfProjects = 7
		SccEnterpriseProvider = {4CA58AB2-18FA-4F8D-95D4-32DDF27D184C}
		SccTeamFoundationServer = http://tfs.nbfc.com/tfs/products
		SccLocalPath0 = .
		SccProjectUniqueName1 = DnBApplicationservice\\DnBApplication.csproj
		SccProjectTopLevelParentUniqueName1 = WSI.DnBCredit.sln
		SccProjectName1 = DnBApplicationservice
		SccLocalPath1 = DnBApplicationservice
		SccProjectUniqueName2 = WSI.DBCredit.Data\\WSI.DnBCredit.Data.csproj
		SccProjectTopLevelParentUniqueName2 = WSI.DnBCredit.sln
		SccProjectName2 = WSI.DBCredit.Data
		SccLocalPath2 = WSI.DBCredit.Data
		SccProjectUniqueName3 = WSI.DBCredit.Transformation.Test\\WSI.DnBCredit.Transformation.Test.csproj
		SccProjectTopLevelParentUniqueName3 = WSI.DnBCredit.sln
		SccProjectName3 = WSI.DBCredit.Transformation.Test
		SccLocalPath3 = WSI.DBCredit.Transformation.Test
		SccProjectUniqueName4 = WSI.DBCredit.Transformation\\WSI.DnBCredit.Transformation.csproj
		SccProjectTopLevelParentUniqueName4 = WSI.DnBCredit.sln
		SccProjectName4 = WSI.DBCredit.Transformation
		SccLocalPath4 = WSI.DBCredit.Transformation
		SccProjectUniqueName5 = WSI.DnB.Schemas.NBClients\\WSI.DnB.Schemas.Clients.csproj
		SccProjectTopLevelParentUniqueName5 = WSI.DnBCredit.sln
		SccProjectName5 = WSI.DnB.Schemas.NBClients
		SccLocalPath5 = WSI.DnB.Schemas.NBClients
		SccProjectUniqueName6 = WSi.DnB.Schemas.Service\\WSi.DnB.Schemas.Service.csproj
		SccProjectTopLevelParentUniqueName6 = WSI.DnBCredit.sln
		SccProjectName6 = WSi.DnB.Schemas.Service
		SccLocalPath6 = WSi.DnB.Schemas.Service
	EndGlobalSection
EndGlobal
